
Microsoft Visual Studio Solution File, Format Version 12.00
# Visual Studio Version 16
VisualStudioVersion = 16.0.31019.35
MinimumVisualStudioVersion = 10.0.40219.1
Project("{FAE04EC0-301F-11D3-BF4B-00C04F79EFBC}") = "Obilet.Web", "Obilet.Web\Obilet.Web.csproj", "{1208387E-EBA2-4F6A-B647-F164051E2276}"
EndProject
Global
	GlobalSection(SolutionConfigurationPlatforms) = preSolution
		Debug|Any CPU = Debug|Any CPU
		Release|Any CPU = Release|Any CPU
	EndGlobalSection
	GlobalSection(ProjectConfigurationPlatforms) = postSolution
		{1208387E-EBA2-4F6A-B647-F164051E2276}.Debug|Any CPU.ActiveCfg = Debug|Any CPU
		{1208387E-EBA2-4F6A-B647-F164051E2276}.Debug|Any CPU.Build.0 = Debug|Any CPU
		{1208387E-EBA2-4F6A-B647-F164051E2276}.Release|Any CPU.ActiveCfg = Release|Any CPU
		{1208387E-EBA2-4F6A-B647-F164051E2276}.Release|Any CPU.Build.0 = Release|Any CPU
	EndGlobalSection
	GlobalSection(SolutionProperties) = preSolution
		HideSolutionNode = FALSE
	EndGlobalSection
	GlobalSection(ExtensibilityGlobals) = postSolution
		SolutionGuid = {4BA3C751-1662-4C56-8827-AA40825B39FF}
	EndGlobalSection
EndGlobal
